
Microsoft Visual Studio Solution File, Format Version 12.00
# Visual Studio Version 16
VisualStudioVersion = 16.0.30611.23
MinimumVisualStudioVersion = 10.0.40219.1
Project("{9A19103F-16F7-4668-BE54-9A1E7A4F7556}") = "5", "5.csproj", "{E1FC6704-2811-45E5-B0A9-62DB5DB98498}"
EndProject
Global
	GlobalSection(SolutionConfigurationPlatforms) = preSolution
		Debug|Any CPU = Debug|Any CPU
		Release|Any CPU = Release|Any CPU
	EndGlobalSection
	GlobalSection(ProjectConfigurationPlatforms) = postSolution
		{E1FC6704-2811-45E5-B0A9-62DB5DB98498}.Debug|Any CPU.ActiveCfg = Debug|Any CPU
		{E1FC6704-2811-45E5-B0A9-62DB5DB98498}.Debug|Any CPU.Build.0 = Debug|Any CPU
		{E1FC6704-2811-45E5-B0A9-62DB5DB98498}.Release|Any CPU.ActiveCfg = Release|Any CPU
		{E1FC6704-2811-45E5-B0A9-62DB5DB98498}.Release|Any CPU.Build.0 = Release|Any CPU
	EndGlobalSection
	GlobalSection(SolutionProperties) = preSolution
		HideSolutionNode = FALSE
	EndGlobalSection
	GlobalSection(ExtensibilityGlobals) = postSolution
		SolutionGuid = {EE11B53C-83F4-4572-869E-D468A5B9450D}
	EndGlobalSection
EndGlobal
